
Microsoft Visual Studio Solution File, Format Version 12.00
# Visual Studio 15
VisualStudioVersion = 15.0.28010.2048
MinimumVisualStudioVersion = 10.0.40219.1
Project("{9A19103F-16F7-4668-BE54-9A1E7A4F7556}") = "DotPlot", "DotPlot.csproj", "{90EB9914-8F49-4CFE-AFC0-6998937CA8FB}"
EndProject
Global
	GlobalSection(SolutionConfigurationPlatforms) = preSolution
		Debug|Any CPU = Debug|Any CPU
		Release|Any CPU = Release|Any CPU
	EndGlobalSection
	GlobalSection(ProjectConfigurationPlatforms) = postSolution
		{90EB9914-8F49-4CFE-AFC0-6998937CA8FB}.Debug|Any CPU.ActiveCfg = Debug|Any CPU
		{90EB9914-8F49-4CFE-AFC0-6998937CA8FB}.Debug|Any CPU.Build.0 = Debug|Any CPU
		{90EB9914-8F49-4CFE-AFC0-6998937CA8FB}.Release|Any CPU.ActiveCfg = Release|Any CPU
		{90EB9914-8F49-4CFE-AFC0-6998937CA8FB}.Release|Any CPU.Build.0 = Release|Any CPU
	EndGlobalSection
	GlobalSection(SolutionProperties) = preSolution
		HideSolutionNode = FALSE
	EndGlobalSection
	GlobalSection(ExtensibilityGlobals) = postSolution
		SolutionGuid = {2B21EAAC-D750-4668-A439-C3E38E358813}
	EndGlobalSection
EndGlobal
